
Microsoft Visual Studio Solution File, Format Version 12.00
# Visual Studio Version 16
VisualStudioVersion = 16.0.32630.194
MinimumVisualStudioVersion = 10.0.40219.1
Project("{888888A0-9F3D-457C-B088-3A5042F75D52}") = "WaitTimesPredictionModel", "WaitTimesPredictionModel.pyproj", "{9E8C092C-97D2-4C82-BE12-5D455A80328F}"
EndProject
Global
	GlobalSection(SolutionConfigurationPlatforms) = preSolution
		Debug|Any CPU = Debug|Any CPU
		Release|Any CPU = Release|Any CPU
	EndGlobalSection
	GlobalSection(ProjectConfigurationPlatforms) = postSolution
		{9E8C092C-97D2-4C82-BE12-5D455A80328F}.Debug|Any CPU.ActiveCfg = Debug|Any CPU
		{9E8C092C-97D2-4C82-BE12-5D455A80328F}.Release|Any CPU.ActiveCfg = Release|Any CPU
	EndGlobalSection
	GlobalSection(SolutionProperties) = preSolution
		HideSolutionNode = FALSE
	EndGlobalSection
	GlobalSection(ExtensibilityGlobals) = postSolution
		SolutionGuid = {C681DAD4-91FC-4EA0-9E5F-80233D613082}
	EndGlobalSection
EndGlobal
